# THIS IS AN AUTOGENERATED FILE. DO NOT EDIT THIS FILE DIRECTLY.
# yarn lockfile v1


runtypes@^6.5.0:
  version "6.5.0"
  resolved "https://registry.yarnpkg.com/runtypes/-/runtypes-6.5.0.tgz#019c70c8f20659ca0339c95cb1e881573ba30d82"
  integrity sha512-+jK1mRi6KvZ9m+LGxCYUY9CJMxCLz8LDRiGtBrq5UKvgOv2MocrXMc2D1dDkY7gRR8BzfG64yTsGdS2aC7arpQ==
